
Microsoft Visual Studio Solution File, Format Version 12.00
# Visual Studio 2017
Project("{FAE04EC0-301F-11D3-BF4B-00C04F79EFBC}") = "Tir", "Tir.csproj", "{7AA1B52D-375B-4A8C-1FF2-0412951AC711}"
EndProject
Project("{FAE04EC0-301F-11D3-BF4B-00C04F79EFBC}") = "Tir.Editor", "Tir.Editor.csproj", "{9139C0B1-20FC-D7F6-F9E7-A54107D3BF93}"
EndProject
Global
	GlobalSection(SolutionConfigurationPlatforms) = preSolution
		Debug|Any CPU = Debug|Any CPU
		Release|Any CPU = Release|Any CPU
	EndGlobalSection
	GlobalSection(ProjectConfigurationPlatforms) = postSolution
		{7AA1B52D-375B-4A8C-1FF2-0412951AC711}.Debug|Any CPU.ActiveCfg = Debug|Any CPU
		{7AA1B52D-375B-4A8C-1FF2-0412951AC711}.Debug|Any CPU.Build.0 = Debug|Any CPU
		{7AA1B52D-375B-4A8C-1FF2-0412951AC711}.Release|Any CPU.ActiveCfg = Release|Any CPU
		{7AA1B52D-375B-4A8C-1FF2-0412951AC711}.Release|Any CPU.Build.0 = Release|Any CPU
		{9139C0B1-20FC-D7F6-F9E7-A54107D3BF93}.Debug|Any CPU.ActiveCfg = Debug|Any CPU
		{9139C0B1-20FC-D7F6-F9E7-A54107D3BF93}.Debug|Any CPU.Build.0 = Debug|Any CPU
		{9139C0B1-20FC-D7F6-F9E7-A54107D3BF93}.Release|Any CPU.ActiveCfg = Release|Any CPU
		{9139C0B1-20FC-D7F6-F9E7-A54107D3BF93}.Release|Any CPU.Build.0 = Release|Any CPU
	EndGlobalSection
	GlobalSection(SolutionProperties) = preSolution
		HideSolutionNode = FALSE
	EndGlobalSection
EndGlobal
