
Microsoft Visual Studio Solution File, Format Version 12.00
# Visual Studio 16
Project("{FAE04EC0-301F-11D3-BF4B-00C04F79EFBC}") = "UniRx", "UniRx.csproj", "{C13C35CB-4824-4645-945E-A670AB2C4AAD}"
EndProject
Project("{FAE04EC0-301F-11D3-BF4B-00C04F79EFBC}") = "Assembly-CSharp", "Assembly-CSharp.csproj", "{B8B4B09E-1ADD-D12F-F556-90F3C1751F0F}"
EndProject
Project("{FAE04EC0-301F-11D3-BF4B-00C04F79EFBC}") = "UniTask", "UniTask.csproj", "{E0A41E1B-ADBB-1E31-D97B-FAB30C6D8057}"
EndProject
Project("{FAE04EC0-301F-11D3-BF4B-00C04F79EFBC}") = "UniTask.Linq", "UniTask.Linq.csproj", "{CC80C2E9-1CE2-0BF9-13FB-FDED5C31D37C}"
EndProject
Project("{FAE04EC0-301F-11D3-BF4B-00C04F79EFBC}") = "UniRx.Examples", "UniRx.Examples.csproj", "{ED8EB477-0279-DE81-D0AA-0C41A34E03E0}"
EndProject
Project("{FAE04EC0-301F-11D3-BF4B-00C04F79EFBC}") = "UniTask.TextMeshPro", "UniTask.TextMeshPro.csproj", "{B5D95015-F159-A58E-A630-0F305F255AFA}"
EndProject
Project("{FAE04EC0-301F-11D3-BF4B-00C04F79EFBC}") = "UniTask.DOTween", "UniTask.DOTween.csproj", "{7206B11F-3DBC-897C-A94E-EC465CFAE841}"
EndProject
Project("{FAE04EC0-301F-11D3-BF4B-00C04F79EFBC}") = "UniTask.Addressables", "UniTask.Addressables.csproj", "{5CC2B624-445B-46F7-1139-208D4790B9D2}"
EndProject
Project("{FAE04EC0-301F-11D3-BF4B-00C04F79EFBC}") = "Assembly-CSharp-Editor", "Assembly-CSharp-Editor.csproj", "{1D6BAD11-C65A-D28C-7036-795EFD7BA829}"
EndProject
Project("{FAE04EC0-301F-11D3-BF4B-00C04F79EFBC}") = "UniTask.Editor", "UniTask.Editor.csproj", "{7907BFB5-4C2F-548A-6162-8A9508E959EC}"
EndProject
Global
	GlobalSection(SolutionConfigurationPlatforms) = preSolution
		Debug|Any CPU = Debug|Any CPU
		Release|Any CPU = Release|Any CPU
	EndGlobalSection
	GlobalSection(ProjectConfigurationPlatforms) = postSolution
		{C13C35CB-4824-4645-945E-A670AB2C4AAD}.Debug|Any CPU.ActiveCfg = Debug|Any CPU
		{C13C35CB-4824-4645-945E-A670AB2C4AAD}.Debug|Any CPU.Build.0 = Debug|Any CPU
		{C13C35CB-4824-4645-945E-A670AB2C4AAD}.Release|Any CPU.ActiveCfg = Release|Any CPU
		{C13C35CB-4824-4645-945E-A670AB2C4AAD}.Release|Any CPU.Build.0 = Release|Any CPU
		{B8B4B09E-1ADD-D12F-F556-90F3C1751F0F}.Debug|Any CPU.ActiveCfg = Debug|Any CPU
		{B8B4B09E-1ADD-D12F-F556-90F3C1751F0F}.Debug|Any CPU.Build.0 = Debug|Any CPU
		{B8B4B09E-1ADD-D12F-F556-90F3C1751F0F}.Release|Any CPU.ActiveCfg = Release|Any CPU
		{B8B4B09E-1ADD-D12F-F556-90F3C1751F0F}.Release|Any CPU.Build.0 = Release|Any CPU
		{E0A41E1B-ADBB-1E31-D97B-FAB30C6D8057}.Debug|Any CPU.ActiveCfg = Debug|Any CPU
		{E0A41E1B-ADBB-1E31-D97B-FAB30C6D8057}.Debug|Any CPU.Build.0 = Debug|Any CPU
		{E0A41E1B-ADBB-1E31-D97B-FAB30C6D8057}.Release|Any CPU.ActiveCfg = Release|Any CPU
		{E0A41E1B-ADBB-1E31-D97B-FAB30C6D8057}.Release|Any CPU.Build.0 = Release|Any CPU
		{CC80C2E9-1CE2-0BF9-13FB-FDED5C31D37C}.Debug|Any CPU.ActiveCfg = Debug|Any CPU
		{CC80C2E9-1CE2-0BF9-13FB-FDED5C31D37C}.Debug|Any CPU.Build.0 = Debug|Any CPU
		{CC80C2E9-1CE2-0BF9-13FB-FDED5C31D37C}.Release|Any CPU.ActiveCfg = Release|Any CPU
		{CC80C2E9-1CE2-0BF9-13FB-FDED5C31D37C}.Release|Any CPU.Build.0 = Release|Any CPU
		{ED8EB477-0279-DE81-D0AA-0C41A34E03E0}.Debug|Any CPU.ActiveCfg = Debug|Any CPU
		{ED8EB477-0279-DE81-D0AA-0C41A34E03E0}.Debug|Any CPU.Build.0 = Debug|Any CPU
		{ED8EB477-0279-DE81-D0AA-0C41A34E03E0}.Release|Any CPU.ActiveCfg = Release|Any CPU
		{ED8EB477-0279-DE81-D0AA-0C41A34E03E0}.Release|Any CPU.Build.0 = Release|Any CPU
		{B5D95015-F159-A58E-A630-0F305F255AFA}.Debug|Any CPU.ActiveCfg = Debug|Any CPU
		{B5D95015-F159-A58E-A630-0F305F255AFA}.Debug|Any CPU.Build.0 = Debug|Any CPU
		{B5D95015-F159-A58E-A630-0F305F255AFA}.Release|Any CPU.ActiveCfg = Release|Any CPU
		{B5D95015-F159-A58E-A630-0F305F255AFA}.Release|Any CPU.Build.0 = Release|Any CPU
		{7206B11F-3DBC-897C-A94E-EC465CFAE841}.Debug|Any CPU.ActiveCfg = Debug|Any CPU
		{7206B11F-3DBC-897C-A94E-EC465CFAE841}.Debug|Any CPU.Build.0 = Debug|Any CPU
		{7206B11F-3DBC-897C-A94E-EC465CFAE841}.Release|Any CPU.ActiveCfg = Release|Any CPU
		{7206B11F-3DBC-897C-A94E-EC465CFAE841}.Release|Any CPU.Build.0 = Release|Any CPU
		{5CC2B624-445B-46F7-1139-208D4790B9D2}.Debug|Any CPU.ActiveCfg = Debug|Any CPU
		{5CC2B624-445B-46F7-1139-208D4790B9D2}.Debug|Any CPU.Build.0 = Debug|Any CPU
		{5CC2B624-445B-46F7-1139-208D4790B9D2}.Release|Any CPU.ActiveCfg = Release|Any CPU
		{5CC2B624-445B-46F7-1139-208D4790B9D2}.Release|Any CPU.Build.0 = Release|Any CPU
		{1D6BAD11-C65A-D28C-7036-795EFD7BA829}.Debug|Any CPU.ActiveCfg = Debug|Any CPU
		{1D6BAD11-C65A-D28C-7036-795EFD7BA829}.Debug|Any CPU.Build.0 = Debug|Any CPU
		{1D6BAD11-C65A-D28C-7036-795EFD7BA829}.Release|Any CPU.ActiveCfg = Release|Any CPU
		{1D6BAD11-C65A-D28C-7036-795EFD7BA829}.Release|Any CPU.Build.0 = Release|Any CPU
		{7907BFB5-4C2F-548A-6162-8A9508E959EC}.Debug|Any CPU.ActiveCfg = Debug|Any CPU
		{7907BFB5-4C2F-548A-6162-8A9508E959EC}.Debug|Any CPU.Build.0 = Debug|Any CPU
		{7907BFB5-4C2F-548A-6162-8A9508E959EC}.Release|Any CPU.ActiveCfg = Release|Any CPU
		{7907BFB5-4C2F-548A-6162-8A9508E959EC}.Release|Any CPU.Build.0 = Release|Any CPU
	EndGlobalSection
	GlobalSection(SolutionProperties) = preSolution
		HideSolutionNode = FALSE
	EndGlobalSection
EndGlobal
